
Microsoft Visual Studio Solution File, Format Version 12.00
# Visual Studio Version 16
VisualStudioVersion = 16.0.29728.190
MinimumVisualStudioVersion = 10.0.40219.1
Project("{FAE04EC0-301F-11D3-BF4B-00C04F79EFBC}") = "Helsinki2017", "Helsinki2017.csproj", "{11AD2A96-B2C4-41E7-B4FE-7D712B84F10C}"
EndProject
Global
	GlobalSection(SolutionConfigurationPlatforms) = preSolution
		Debug|Any CPU = Debug|Any CPU
		Release|Any CPU = Release|Any CPU
	EndGlobalSection
	GlobalSection(ProjectConfigurationPlatforms) = postSolution
		{11AD2A96-B2C4-41E7-B4FE-7D712B84F10C}.Debug|Any CPU.ActiveCfg = Debug|Any CPU
		{11AD2A96-B2C4-41E7-B4FE-7D712B84F10C}.Debug|Any CPU.Build.0 = Debug|Any CPU
		{11AD2A96-B2C4-41E7-B4FE-7D712B84F10C}.Release|Any CPU.ActiveCfg = Release|Any CPU
		{11AD2A96-B2C4-41E7-B4FE-7D712B84F10C}.Release|Any CPU.Build.0 = Release|Any CPU
	EndGlobalSection
	GlobalSection(SolutionProperties) = preSolution
		HideSolutionNode = FALSE
	EndGlobalSection
	GlobalSection(ExtensibilityGlobals) = postSolution
		SolutionGuid = {10DEF835-6670-4DC3-859D-E4C3D7D300C1}
	EndGlobalSection
EndGlobal
